// !$*UTF8*$!
{
	archiveVersion = 1;
	classes = {
	};
	objectVersion = 56;
	objects = {

/* Begin PBXBuildFile section */
		DB16C4E52B8E5329006DB594 /* DateChanger.swift in Sources */ = {isa = PBXBuildFile; fileRef = DB16C4E42B8E5329006DB594 /* DateChanger.swift */; };
		DB9040452B90D90A009528F1 /* DivisionItem.swift in Sources */ = {isa = PBXBuildFile; fileRef = DB9040442B90D90A009528F1 /* DivisionItem.swift */; };
		DB9040472B90DC01009528F1 /* AbsenceView.swift in Sources */ = {isa = PBXBuildFile; fileRef = DB9040462B90DC01009528F1 /* AbsenceView.swift */; };
		DB9040492B90DDB3009528F1 /* RootTabView.swift in Sources */ = {isa = PBXBuildFile; fileRef = DB9040482B90DDB3009528F1 /* RootTabView.swift */; };
		DB90404B2B90DEEE009528F1 /* StatisticsView.swift in Sources */ = {isa = PBXBuildFile; fileRef = DB90404A2B90DEEE009528F1 /* StatisticsView.swift */; };
		DB90404D2B90E10C009528F1 /* ViewModel.swift in Sources */ = {isa = PBXBuildFile; fileRef = DB90404C2B90E10C009528F1 /* ViewModel.swift */; };
		DB90404F2B90F5E3009528F1 /* AbsenceItem.swift in Sources */ = {isa = PBXBuildFile; fileRef = DB90404E2B90F5E3009528F1 /* AbsenceItem.swift */; };
		DB9040512B90F8A4009528F1 /* StudentAbsence.swift in Sources */ = {isa = PBXBuildFile; fileRef = DB9040502B90F8A4009528F1 /* StudentAbsence.swift */; };
		DB9040532B90FB51009528F1 /* Absence.swift in Sources */ = {isa = PBXBuildFile; fileRef = DB9040522B90FB51009528F1 /* Absence.swift */; };
		DB9040552B9100E9009528F1 /* DivisionTests.swift in Sources */ = {isa = PBXBuildFile; fileRef = DB9040542B9100E9009528F1 /* DivisionTests.swift */; };
		DBA2E5AF2B87561700062228 /* AbsenceRecorderApp.swift in Sources */ = {isa = PBXBuildFile; fileRef = DBA2E5AE2B87561700062228 /* AbsenceRecorderApp.swift */; };
		DBA2E5B12B87561700062228 /* DivisionsView.swift in Sources */ = {isa = PBXBuildFile; fileRef = DBA2E5B02B87561700062228 /* DivisionsView.swift */; };
		DBA2E5B32B87563300062228 /* Assets.xcassets in Resources */ = {isa = PBXBuildFile; fileRef = DBA2E5B22B87563300062228 /* Assets.xcassets */; };
		DBA2E5B62B87563300062228 /* Preview Assets.xcassets in Resources */ = {isa = PBXBuildFile; fileRef = DBA2E5B52B87563300062228 /* Preview Assets.xcassets */; };
		DBA2E5C02B87563400062228 /* AbsenceRecorderTests.swift in Sources */ = {isa = PBXBuildFile; fileRef = DBA2E5BF2B87563400062228 /* AbsenceRecorderTests.swift */; };
		DBA2E5CA2B87563400062228 /* AbsenceRecorderUITests.swift in Sources */ = {isa = PBXBuildFile; fileRef = DBA2E5C92B87563400062228 /* AbsenceRecorderUITests.swift */; };
		DBA2E5CC2B87563400062228 /* AbsenceRecorderUITestsLaunchTests.swift in Sources */ = {isa = PBXBuildFile; fileRef = DBA2E5CB2B87563400062228 /* AbsenceRecorderUITestsLaunchTests.swift */; };
		DBA2E5DC2B875FA600062228 /* Student.swift in Sources */ = {isa = PBXBuildFile; fileRef = DBA2E5DB2B875FA600062228 /* Student.swift */; };
		DBA2E5DE2B87609800062228 /* Division.swift in Sources */ = {isa = PBXBuildFile; fileRef = DBA2E5DD2B87609800062228 /* Division.swift */; };
/* End PBXBuildFile section */

/* Begin PBXContainerItemProxy section */
		DBA2E5BC2B87563400062228 /* PBXContainerItemProxy */ = {
			isa = PBXContainerItemProxy;
			containerPortal = DBA2E5A32B87561700062228 /* Project object */;
			proxyType = 1;
			remoteGlobalIDString = DBA2E5AA2B87561700062228;
			remoteInfo = AbsenceRecorder;
		};
		DBA2E5C62B87563400062228 /* PBXContainerItemProxy */ = {
			isa = PBXContainerItemProxy;
			containerPortal = DBA2E5A32B87561700062228 /* Project object */;
			proxyType = 1;
			remoteGlobalIDString = DBA2E5AA2B87561700062228;
			remoteInfo = AbsenceRecorder;
		};
/* End PBXContainerItemProxy section */

/* Begin PBXFileReference section */
		DB16C4E42B8E5329006DB594 /* DateChanger.swift */ = {isa = PBXFileReference; lastKnownFileType = sourcecode.swift; path = DateChanger.swift; sourceTree = "<group>"; };
		DB9040442B90D90A009528F1 /* DivisionItem.swift */ = {isa = PBXFileReference; lastKnownFileType = sourcecode.swift; path = DivisionItem.swift; sourceTree = "<group>"; };
		DB9040462B90DC01009528F1 /* AbsenceView.swift */ = {isa = PBXFileReference; lastKnownFileType = sourcecode.swift; path = AbsenceView.swift; sourceTree = "<group>"; };
		DB9040482B90DDB3009528F1 /* RootTabView.swift */ = {isa = PBXFileReference; lastKnownFileType = sourcecode.swift; path = RootTabView.swift; sourceTree = "<group>"; };
		DB90404A2B90DEEE009528F1 /* StatisticsView.swift */ = {isa = PBXFileReference; lastKnownFileType = sourcecode.swift; path = StatisticsView.swift; sourceTree = "<group>"; };
		DB90404C2B90E10C009528F1 /* ViewModel.swift */ = {isa = PBXFileReference; lastKnownFileType = sourcecode.swift; path = ViewModel.swift; sourceTree = "<group>"; };
		DB90404E2B90F5E3009528F1 /* AbsenceItem.swift */ = {isa = PBXFileReference; lastKnownFileType = sourcecode.swift; path = AbsenceItem.swift; sourceTree = "<group>"; };
		DB9040502B90F8A4009528F1 /* StudentAbsence.swift */ = {isa = PBXFileReference; lastKnownFileType = sourcecode.swift; path = StudentAbsence.swift; sourceTree = "<group>"; };
		DB9040522B90FB51009528F1 /* Absence.swift */ = {isa = PBXFileReference; lastKnownFileType = sourcecode.swift; path = Absence.swift; sourceTree = "<group>"; };
		DB9040542B9100E9009528F1 /* DivisionTests.swift */ = {isa = PBXFileReference; lastKnownFileType = sourcecode.swift; path = DivisionTests.swift; sourceTree = "<group>"; };
		DB9040562B910405009528F1 /* AbsenceRecorder.xctestplan */ = {isa = PBXFileReference; lastKnownFileType = text; path = AbsenceRecorder.xctestplan; sourceTree = "<group>"; };
		DBA2E5AB2B87561700062228 /* AbsenceRecorder.app */ = {isa = PBXFileReference; explicitFileType = wrapper.application; includeInIndex = 0; path = AbsenceRecorder.app; sourceTree = BUILT_PRODUCTS_DIR; };
		DBA2E5AE2B87561700062228 /* AbsenceRecorderApp.swift */ = {isa = PBXFileReference; lastKnownFileType = sourcecode.swift; path = AbsenceRecorderApp.swift; sourceTree = "<group>"; };
		DBA2E5B02B87561700062228 /* DivisionsView.swift */ = {isa = PBXFileReference; lastKnownFileType = sourcecode.swift; path = DivisionsView.swift; sourceTree = "<group>"; };
		DBA2E5B22B87563300062228 /* Assets.xcassets */ = {isa = PBXFileReference; lastKnownFileType = folder.assetcatalog; path = Assets.xcassets; sourceTree = "<group>"; };
		DBA2E5B52B87563300062228 /* Preview Assets.xcassets */ = {isa = PBXFileReference; lastKnownFileType = folder.assetcatalog; path = "Preview Assets.xcassets"; sourceTree = "<group>"; };
		DBA2E5BB2B87563400062228 /* AbsenceRecorderTests.xctest */ = {isa = PBXFileReference; explicitFileType = wrapper.cfbundle; includeInIndex = 0; path = AbsenceRecorderTests.xctest; sourceTree = BUILT_PRODUCTS_DIR; };
		DBA2E5BF2B87563400062228 /* AbsenceRecorderTests.swift */ = {isa = PBXFileReference; lastKnownFileType = sourcecode.swift; path = AbsenceRecorderTests.swift; sourceTree = "<group>"; };
		DBA2E5C52B87563400062228 /* AbsenceRecorderUITests.xctest */ = {isa = PBXFileReference; explicitFileType = wrapper.cfbundle; includeInIndex = 0; path = AbsenceRecorderUITests.xctest; sourceTree = BUILT_PRODUCTS_DIR; };
		DBA2E5C92B87563400062228 /* AbsenceRecorderUITests.swift */ = {isa = PBXFileReference; lastKnownFileType = sourcecode.swift; path = AbsenceRecorderUITests.swift; sourceTree = "<group>"; };
		DBA2E5CB2B87563400062228 /* AbsenceRecorderUITestsLaunchTests.swift */ = {isa = PBXFileReference; lastKnownFileType = sourcecode.swift; path = AbsenceRecorderUITestsLaunchTests.swift; sourceTree = "<group>"; };
		DBA2E5DB2B875FA600062228 /* Student.swift */ = {isa = PBXFileReference; lastKnownFileType = sourcecode.swift; path = Student.swift; sourceTree = "<group>"; };
		DBA2E5DD2B87609800062228 /* Division.swift */ = {isa = PBXFileReference; lastKnownFileType = sourcecode.swift; path = Division.swift; sourceTree = "<group>"; };
/* End PBXFileReference section */

/* Begin PBXFrameworksBuildPhase section */
		DBA2E5A82B87561700062228 /* Frameworks */ = {
			isa = PBXFrameworksBuildPhase;
			buildActionMask = 2147483647;
			files = (
			);
			runOnlyForDeploymentPostprocessing = 0;
		};
		DBA2E5B82B87563400062228 /* Frameworks */ = {
			isa = PBXFrameworksBuildPhase;
			buildActionMask = 2147483647;
			files = (
			);
			runOnlyForDeploymentPostprocessing = 0;
		};
		DBA2E5C22B87563400062228 /* Frameworks */ = {
			isa = PBXFrameworksBuildPhase;
			buildActionMask = 2147483647;
			files = (
			);
			runOnlyForDeploymentPostprocessing = 0;
		};
/* End PBXFrameworksBuildPhase section */

/* Begin PBXGroup section */
		DB16C4E32B8E5306006DB594 /* Extensions */ = {
			isa = PBXGroup;
			children = (
				DB16C4E42B8E5329006DB594 /* DateChanger.swift */,
			);
			path = Extensions;
			sourceTree = "<group>";
		};
		DBA2E5A22B87561700062228 = {
			isa = PBXGroup;
			children = (
				DB9040562B910405009528F1 /* AbsenceRecorder.xctestplan */,
				DB16C4E32B8E5306006DB594 /* Extensions */,
				DBA2E5DA2B875F2F00062228 /* View */,
				DBA2E5D82B875EEF00062228 /* Model */,
				DBA2E5AD2B87561700062228 /* AbsenceRecorder */,
				DBA2E5BE2B87563400062228 /* AbsenceRecorderTests */,
				DBA2E5C82B87563400062228 /* AbsenceRecorderUITests */,
				DBA2E5AC2B87561700062228 /* Products */,
			);
			sourceTree = "<group>";
		};
		DBA2E5AC2B87561700062228 /* Products */ = {
			isa = PBXGroup;
			children = (
				DBA2E5AB2B87561700062228 /* AbsenceRecorder.app */,
				DBA2E5BB2B87563400062228 /* AbsenceRecorderTests.xctest */,
				DBA2E5C52B87563400062228 /* AbsenceRecorderUITests.xctest */,
			);
			name = Products;
			sourceTree = "<group>";
		};
		DBA2E5AD2B87561700062228 /* AbsenceRecorder */ = {
			isa = PBXGroup;
			children = (
				DBA2E5AE2B87561700062228 /* AbsenceRecorderApp.swift */,
				DB90404C2B90E10C009528F1 /* ViewModel.swift */,
				DBA2E5B22B87563300062228 /* Assets.xcassets */,
				DBA2E5B42B87563300062228 /* Preview Content */,
			);
			path = AbsenceRecorder;
			sourceTree = "<group>";
		};
		DBA2E5B42B87563300062228 /* Preview Content */ = {
			isa = PBXGroup;
			children = (
				DBA2E5B52B87563300062228 /* Preview Assets.xcassets */,
			);
			path = "Preview Content";
			sourceTree = "<group>";
		};
		DBA2E5BE2B87563400062228 /* AbsenceRecorderTests */ = {
			isa = PBXGroup;
			children = (
				DBA2E5BF2B87563400062228 /* AbsenceRecorderTests.swift */,
				DB9040542B9100E9009528F1 /* DivisionTests.swift */,
			);
			path = AbsenceRecorderTests;
			sourceTree = "<group>";
		};
		DBA2E5C82B87563400062228 /* AbsenceRecorderUITests */ = {
			isa = PBXGroup;
			children = (
				DBA2E5C92B87563400062228 /* AbsenceRecorderUITests.swift */,
				DBA2E5CB2B87563400062228 /* AbsenceRecorderUITestsLaunchTests.swift */,
			);
			path = AbsenceRecorderUITests;
			sourceTree = "<group>";
		};
		DBA2E5D82B875EEF00062228 /* Model */ = {
			isa = PBXGroup;
			children = (
				DBA2E5DB2B875FA600062228 /* Student.swift */,
				DBA2E5DD2B87609800062228 /* Division.swift */,
				DB9040502B90F8A4009528F1 /* StudentAbsence.swift */,
				DB9040522B90FB51009528F1 /* Absence.swift */,
			);
			path = Model;
			sourceTree = "<group>";
		};
		DBA2E5DA2B875F2F00062228 /* View */ = {
			isa = PBXGroup;
			children = (
				DBA2E5B02B87561700062228 /* DivisionsView.swift */,
				DB9040442B90D90A009528F1 /* DivisionItem.swift */,
				DB9040462B90DC01009528F1 /* AbsenceView.swift */,
				DB9040482B90DDB3009528F1 /* RootTabView.swift */,
				DB90404A2B90DEEE009528F1 /* StatisticsView.swift */,
				DB90404E2B90F5E3009528F1 /* AbsenceItem.swift */,
			);
			path = View;
			sourceTree = "<group>";
		};
/* End PBXGroup section */

/* Begin PBXNativeTarget section */
		DBA2E5AA2B87561700062228 /* AbsenceRecorder */ = {
			isa = PBXNativeTarget;
			buildConfigurationList = DBA2E5CF2B87563400062228 /* Build configuration list for PBXNativeTarget "AbsenceRecorder" */;
			buildPhases = (
				DBA2E5A72B87561700062228 /* Sources */,
				DBA2E5A82B87561700062228 /* Frameworks */,
				DBA2E5A92B87561700062228 /* Resources */,
			);
			buildRules = (
			);
			dependencies = (
			);
			name = AbsenceRecorder;
			productName = AbsenceRecorder;
			productReference = DBA2E5AB2B87561700062228 /* AbsenceRecorder.app */;
			productType = "com.apple.product-type.application";
		};
		DBA2E5BA2B87563400062228 /* AbsenceRecorderTests */ = {
			isa = PBXNativeTarget;
			buildConfigurationList = DBA2E5D22B87563400062228 /* Build configuration list for PBXNativeTarget "AbsenceRecorderTests" */;
			buildPhases = (
				DBA2E5B72B87563400062228 /* Sources */,
				DBA2E5B82B87563400062228 /* Frameworks */,
				DBA2E5B92B87563400062228 /* Resources */,
			);
			buildRules = (
			);
			dependencies = (
				DBA2E5BD2B87563400062228 /* PBXTargetDependency */,
			);
			name = AbsenceRecorderTests;
			productName = AbsenceRecorderTests;
			productReference = DBA2E5BB2B87563400062228 /* AbsenceRecorderTests.xctest */;
			productType = "com.apple.product-type.bundle.unit-test";
		};
		DBA2E5C42B87563400062228 /* AbsenceRecorderUITests */ = {
			isa = PBXNativeTarget;
			buildConfigurationList = DBA2E5D52B87563400062228 /* Build configuration list for PBXNativeTarget "AbsenceRecorderUITests" */;
			buildPhases = (
				DBA2E5C12B87563400062228 /* Sources */,
				DBA2E5C22B87563400062228 /* Frameworks */,
				DBA2E5C32B87563400062228 /* Resources */,
			);
			buildRules = (
			);
			dependencies = (
				DBA2E5C72B87563400062228 /* PBXTargetDependency */,
			);
			name = AbsenceRecorderUITests;
			productName = AbsenceRecorderUITests;
			productReference = DBA2E5C52B87563400062228 /* AbsenceRecorderUITests.xctest */;
			productType = "com.apple.product-type.bundle.ui-testing";
		};
/* End PBXNativeTarget section */

/* Begin PBXProject section */
		DBA2E5A32B87561700062228 /* Project object */ = {
			isa = PBXProject;
			attributes = {
				BuildIndependentTargetsInParallel = 1;
				LastSwiftUpdateCheck = 1520;
				LastUpgradeCheck = 1520;
				TargetAttributes = {
					DBA2E5AA2B87561700062228 = {
						CreatedOnToolsVersion = 15.2;
					};
					DBA2E5BA2B87563400062228 = {
						CreatedOnToolsVersion = 15.2;
						TestTargetID = DBA2E5AA2B87561700062228;
					};
					DBA2E5C42B87563400062228 = {
						CreatedOnToolsVersion = 15.2;
						TestTargetID = DBA2E5AA2B87561700062228;
					};
				};
			};
			buildConfigurationList = DBA2E5A62B87561700062228 /* Build configuration list for PBXProject "AbsenceRecorder" */;
			compatibilityVersion = "Xcode 14.0";
			developmentRegion = en;
			hasScannedForEncodings = 0;
			knownRegions = (
				en,
				Base,
			);
			mainGroup = DBA2E5A22B87561700062228;
			productRefGroup = DBA2E5AC2B87561700062228 /* Products */;
			projectDirPath = "";
			projectRoot = "";
			targets = (
				DBA2E5AA2B87561700062228 /* AbsenceRecorder */,
				DBA2E5BA2B87563400062228 /* AbsenceRecorderTests */,
				DBA2E5C42B87563400062228 /* AbsenceRecorderUITests */,
			);
		};
/* End PBXProject section */

/* Begin PBXResourcesBuildPhase section */
		DBA2E5A92B87561700062228 /* Resources */ = {
			isa = PBXResourcesBuildPhase;
			buildActionMask = 2147483647;
			files = (
				DBA2E5B62B87563300062228 /* Preview Assets.xcassets in Resources */,
				DBA2E5B32B87563300062228 /* Assets.xcassets in Resources */,
			);
			runOnlyForDeploymentPostprocessing = 0;
		};
		DBA2E5B92B87563400062228 /* Resources */ = {
			isa = PBXResourcesBuildPhase;
			buildActionMask = 2147483647;
			files = (
			);
			runOnlyForDeploymentPostprocessing = 0;
		};
		DBA2E5C32B87563400062228 /* Resources */ = {
			isa = PBXResourcesBuildPhase;
			buildActionMask = 2147483647;
			files = (
			);
			runOnlyForDeploymentPostprocessing = 0;
		};
/* End PBXResourcesBuildPhase section */

/* Begin PBXSourcesBuildPhase section */
		DBA2E5A72B87561700062228 /* Sources */ = {
			isa = PBXSourcesBuildPhase;
			buildActionMask = 2147483647;
			files = (
				DB90404D2B90E10C009528F1 /* ViewModel.swift in Sources */,
				DB16C4E52B8E5329006DB594 /* DateChanger.swift in Sources */,
				DBA2E5B12B87561700062228 /* DivisionsView.swift in Sources */,
				DB9040512B90F8A4009528F1 /* StudentAbsence.swift in Sources */,
				DB9040492B90DDB3009528F1 /* RootTabView.swift in Sources */,
				DB90404F2B90F5E3009528F1 /* AbsenceItem.swift in Sources */,
				DBA2E5DC2B875FA600062228 /* Student.swift in Sources */,
				DB90404B2B90DEEE009528F1 /* StatisticsView.swift in Sources */,
				DBA2E5DE2B87609800062228 /* Division.swift in Sources */,
				DBA2E5AF2B87561700062228 /* AbsenceRecorderApp.swift in Sources */,
				DB9040452B90D90A009528F1 /* DivisionItem.swift in Sources */,
				DB9040532B90FB51009528F1 /* Absence.swift in Sources */,
				DB9040472B90DC01009528F1 /* AbsenceView.swift in Sources */,
			);
			runOnlyForDeploymentPostprocessing = 0;
		};
		DBA2E5B72B87563400062228 /* Sources */ = {
			isa = PBXSourcesBuildPhase;
			buildActionMask = 2147483647;
			files = (
				DB9040552B9100E9009528F1 /* DivisionTests.swift in Sources */,
				DBA2E5C02B87563400062228 /* AbsenceRecorderTests.swift in Sources */,
			);
			runOnlyForDeploymentPostprocessing = 0;
		};
		DBA2E5C12B87563400062228 /* Sources */ = {
			isa = PBXSourcesBuildPhase;
			buildActionMask = 2147483647;
			files = (
				DBA2E5CC2B87563400062228 /* AbsenceRecorderUITestsLaunchTests.swift in Sources */,
				DBA2E5CA2B87563400062228 /* AbsenceRecorderUITests.swift in Sources */,
			);
			runOnlyForDeploymentPostprocessing = 0;
		};
/* End PBXSourcesBuildPhase section */

/* Begin PBXTargetDependency section */
		DBA2E5BD2B87563400062228 /* PBXTargetDependency */ = {
			isa = PBXTargetDependency;
			target = DBA2E5AA2B87561700062228 /* AbsenceRecorder */;
			targetProxy = DBA2E5BC2B87563400062228 /* PBXContainerItemProxy */;
		};
		DBA2E5C72B87563400062228 /* PBXTargetDependency */ = {
			isa = PBXTargetDependency;
			target = DBA2E5AA2B87561700062228 /* AbsenceRecorder */;
			targetProxy = DBA2E5C62B87563400062228 /* PBXContainerItemProxy */;
		};
/* End PBXTargetDependency section */

/* Begin XCBuildConfiguration section */
		DBA2E5CD2B87563400062228 /* Debug */ = {
			isa = XCBuildConfiguration;
			buildSettings = {
				ALWAYS_SEARCH_USER_PATHS = NO;
				ASSETCATALOG_COMPILER_GENERATE_SWIFT_ASSET_SYMBOL_EXTENSIONS = YES;
				CLANG_ANALYZER_NONNULL = YES;
				CLANG_ANALYZER_NUMBER_OBJECT_CONVERSION = YES_AGGRESSIVE;
				CLANG_CXX_LANGUAGE_STANDARD = "gnu++20";
				CLANG_ENABLE_MODULES = YES;
				CLANG_ENABLE_OBJC_ARC = YES;
				CLANG_ENABLE_OBJC_WEAK = YES;
				CLANG_WARN_BLOCK_CAPTURE_AUTORELEASING = YES;
				CLANG_WARN_BOOL_CONVERSION = YES;
				CLANG_WARN_COMMA = YES;
				CLANG_WARN_CONSTANT_CONVERSION = YES;
				CLANG_WARN_DEPRECATED_OBJC_IMPLEMENTATIONS = YES;
				CLANG_WARN_DIRECT_OBJC_ISA_USAGE = YES_ERROR;
				CLANG_WARN_DOCUMENTATION_COMMENTS = YES;
				CLANG_WARN_EMPTY_BODY = YES;
				CLANG_WARN_ENUM_CONVERSION = YES;
				CLANG_WARN_INFINITE_RECURSION = YES;
				CLANG_WARN_INT_CONVERSION = YES;
				CLANG_WARN_NON_LITERAL_NULL_CONVERSION = YES;
				CLANG_WARN_OBJC_IMPLICIT_RETAIN_SELF = YES;
				CLANG_WARN_OBJC_LITERAL_CONVERSION = YES;
				CLANG_WARN_OBJC_ROOT_CLASS = YES_ERROR;
				CLANG_WARN_QUOTED_INCLUDE_IN_FRAMEWORK_HEADER = YES;
				CLANG_WARN_RANGE_LOOP_ANALYSIS = YES;
				CLANG_WARN_STRICT_PROTOTYPES = YES;
				CLANG_WARN_SUSPICIOUS_MOVE = YES;
				CLANG_WARN_UNGUARDED_AVAILABILITY = YES_AGGRESSIVE;
				CLANG_WARN_UNREACHABLE_CODE = YES;
				CLANG_WARN__DUPLICATE_METHOD_MATCH = YES;
				COPY_PHASE_STRIP = NO;
				DEBUG_INFORMATION_FORMAT = dwarf;
				ENABLE_STRICT_OBJC_MSGSEND = YES;
				ENABLE_TESTABILITY = YES;
				ENABLE_USER_SCRIPT_SANDBOXING = YES;
				GCC_C_LANGUAGE_STANDARD = gnu17;
				GCC_DYNAMIC_NO_PIC = NO;
				GCC_NO_COMMON_BLOCKS = YES;
				GCC_OPTIMIZATION_LEVEL = 0;
				GCC_PREPROCESSOR_DEFINITIONS = (
					"DEBUG=1",
					"$(inherited)",
				);
				GCC_WARN_64_TO_32_BIT_CONVERSION = YES;
				GCC_WARN_ABOUT_RETURN_TYPE = YES_ERROR;
				GCC_WARN_UNDECLARED_SELECTOR = YES;
				GCC_WARN_UNINITIALIZED_AUTOS = YES_AGGRESSIVE;
				GCC_WARN_UNUSED_FUNCTION = YES;
				GCC_WARN_UNUSED_VARIABLE = YES;
				IPHONEOS_DEPLOYMENT_TARGET = 17.2;
				LOCALIZATION_PREFERS_STRING_CATALOGS = YES;
				MTL_ENABLE_DEBUG_INFO = INCLUDE_SOURCE;
				MTL_FAST_MATH = YES;
				ONLY_ACTIVE_ARCH = YES;
				SDKROOT = iphoneos;
				SWIFT_ACTIVE_COMPILATION_CONDITIONS = "DEBUG $(inherited)";
				SWIFT_OPTIMIZATION_LEVEL = "-Onone";
			};
			name = Debug;
		};
		DBA2E5CE2B87563400062228 /* Release */ = {
			isa = XCBuildConfiguration;
			buildSettings = {
				ALWAYS_SEARCH_USER_PATHS = NO;
				ASSETCATALOG_COMPILER_GENERATE_SWIFT_ASSET_SYMBOL_EXTENSIONS = YES;
				CLANG_ANALYZER_NONNULL = YES;
				CLANG_ANALYZER_NUMBER_OBJECT_CONVERSION = YES_AGGRESSIVE;
				CLANG_CXX_LANGUAGE_STANDARD = "gnu++20";
				CLANG_ENABLE_MODULES = YES;
				CLANG_ENABLE_OBJC_ARC = YES;
				CLANG_ENABLE_OBJC_WEAK = YES;
				CLANG_WARN_BLOCK_CAPTURE_AUTORELEASING = YES;
				CLANG_WARN_BOOL_CONVERSION = YES;
				CLANG_WARN_COMMA = YES;
				CLANG_WARN_CONSTANT_CONVERSION = YES;
				CLANG_WARN_DEPRECATED_OBJC_IMPLEMENTATIONS = YES;
				CLANG_WARN_DIRECT_OBJC_ISA_USAGE = YES_ERROR;
				CLANG_WARN_DOCUMENTATION_COMMENTS = YES;
				CLANG_WARN_EMPTY_BODY = YES;
				CLANG_WARN_ENUM_CONVERSION = YES;
				CLANG_WARN_INFINITE_RECURSION = YES;
				CLANG_WARN_INT_CONVERSION = YES;
				CLANG_WARN_NON_LITERAL_NULL_CONVERSION = YES;
				CLANG_WARN_OBJC_IMPLICIT_RETAIN_SELF = YES;
				CLANG_WARN_OBJC_LITERAL_CONVERSION = YES;
				CLANG_WARN_OBJC_ROOT_CLASS = YES_ERROR;
				CLANG_WARN_QUOTED_INCLUDE_IN_FRAMEWORK_HEADER = YES;
				CLANG_WARN_RANGE_LOOP_ANALYSIS = YES;
				CLANG_WARN_STRICT_PROTOTYPES = YES;
				CLANG_WARN_SUSPICIOUS_MOVE = YES;
				CLANG_WARN_UNGUARDED_AVAILABILITY = YES_AGGRESSIVE;
				CLANG_WARN_UNREACHABLE_CODE = YES;
				CLANG_WARN__DUPLICATE_METHOD_MATCH = YES;
				COPY_PHASE_STRIP = NO;
				DEBUG_INFORMATION_FORMAT = "dwarf-with-dsym";
				ENABLE_NS_ASSERTIONS = NO;
				ENABLE_STRICT_OBJC_MSGSEND = YES;
				ENABLE_USER_SCRIPT_SANDBOXING = YES;
				GCC_C_LANGUAGE_STANDARD = gnu17;
				GCC_NO_COMMON_BLOCKS = YES;
				GCC_WARN_64_TO_32_BIT_CONVERSION = YES;
				GCC_WARN_ABOUT_RETURN_TYPE = YES_ERROR;
				GCC_WARN_UNDECLARED_SELECTOR = YES;
				GCC_WARN_UNINITIALIZED_AUTOS = YES_AGGRESSIVE;
				GCC_WARN_UNUSED_FUNCTION = YES;
				GCC_WARN_UNUSED_VARIABLE = YES;
				IPHONEOS_DEPLOYMENT_TARGET = 17.2;
				LOCALIZATION_PREFERS_STRING_CATALOGS = YES;
				MTL_ENABLE_DEBUG_INFO = NO;
				MTL_FAST_MATH = YES;
				SDKROOT = iphoneos;
				SWIFT_COMPILATION_MODE = wholemodule;
				VALIDATE_PRODUCT = YES;
			};
			name = Release;
		};
		DBA2E5D02B87563400062228 /* Debug */ = {
			isa = XCBuildConfiguration;
			buildSettings = {
				ASSETCATALOG_COMPILER_APPICON_NAME = AppIcon;
				ASSETCATALOG_COMPILER_GLOBAL_ACCENT_COLOR_NAME = AccentColor;
				CODE_SIGN_STYLE = Automatic;
				CURRENT_PROJECT_VERSION = 1;
				DEVELOPMENT_ASSET_PATHS = "\"AbsenceRecorder/Preview Content\"";
				ENABLE_PREVIEWS = YES;
				GENERATE_INFOPLIST_FILE = YES;
				INFOPLIST_KEY_UIApplicationSceneManifest_Generation = YES;
				INFOPLIST_KEY_UIApplicationSupportsIndirectInputEvents = YES;
				INFOPLIST_KEY_UILaunchScreen_Generation = YES;
				INFOPLIST_KEY_UISupportedInterfaceOrientations_iPad = "UIInterfaceOrientationPortrait UIInterfaceOrientationPortraitUpsideDown UIInterfaceOrientationLandscapeLeft UIInterfaceOrientationLandscapeRight";
				INFOPLIST_KEY_UISupportedInterfaceOrientations_iPhone = "UIInterfaceOrientationPortrait UIInterfaceOrientationLandscapeLeft UIInterfaceOrientationLandscapeRight";
				LD_RUNPATH_SEARCH_PATHS = (
					"$(inherited)",
					"@executable_path/Frameworks",
				);
				MARKETING_VERSION = 1.0;
				PRODUCT_BUNDLE_IDENTIFIER = Etonfreddiehoward.AbsenceRecorder;
				PRODUCT_NAME = "$(TARGET_NAME)";
				SWIFT_EMIT_LOC_STRINGS = YES;
				SWIFT_VERSION = 5.0;
				TARGETED_DEVICE_FAMILY = "1,2";
			};
			name = Debug;
		};
		DBA2E5D12B87563400062228 /* Release */ = {
			isa = XCBuildConfiguration;
			buildSettings = {
				ASSETCATALOG_COMPILER_APPICON_NAME = AppIcon;
				ASSETCATALOG_COMPILER_GLOBAL_ACCENT_COLOR_NAME = AccentColor;
				CODE_SIGN_STYLE = Automatic;
				CURRENT_PROJECT_VERSION = 1;
				DEVELOPMENT_ASSET_PATHS = "\"AbsenceRecorder/Preview Content\"";
				ENABLE_PREVIEWS = YES;
				GENERATE_INFOPLIST_FILE = YES;
				INFOPLIST_KEY_UIApplicationSceneManifest_Generation = YES;
				INFOPLIST_KEY_UIApplicationSupportsIndirectInputEvents = YES;
				INFOPLIST_KEY_UILaunchScreen_Generation = YES;
				INFOPLIST_KEY_UISupportedInterfaceOrientations_iPad = "UIInterfaceOrientationPortrait UIInterfaceOrientationPortraitUpsideDown UIInterfaceOrientationLandscapeLeft UIInterfaceOrientationLandscapeRight";
				INFOPLIST_KEY_UISupportedInterfaceOrientations_iPhone = "UIInterfaceOrientationPortrait UIInterfaceOrientationLandscapeLeft UIInterfaceOrientationLandscapeRight";
				LD_RUNPATH_SEARCH_PATHS = (
					"$(inherited)",
					"@executable_path/Frameworks",
				);
				MARKETING_VERSION = 1.0;
				PRODUCT_BUNDLE_IDENTIFIER = Etonfreddiehoward.AbsenceRecorder;
				PRODUCT_NAME = "$(TARGET_NAME)";
				SWIFT_EMIT_LOC_STRINGS = YES;
				SWIFT_VERSION = 5.0;
				TARGETED_DEVICE_FAMILY = "1,2";
			};
			name = Release;
		};
		DBA2E5D32B87563400062228 /* Debug */ = {
			isa = XCBuildConfiguration;
			buildSettings = {
				ALWAYS_EMBED_SWIFT_STANDARD_LIBRARIES = YES;
				BUNDLE_LOADER = "$(TEST_HOST)";
				CODE_SIGN_STYLE = Automatic;
				CURRENT_PROJECT_VERSION = 1;
				GENERATE_INFOPLIST_FILE = YES;
				IPHONEOS_DEPLOYMENT_TARGET = 17.2;
				MARKETING_VERSION = 1.0;
				PRODUCT_BUNDLE_IDENTIFIER = Etonfreddiehoward.AbsenceRecorderTests;
				PRODUCT_NAME = "$(TARGET_NAME)";
				SWIFT_EMIT_LOC_STRINGS = NO;
				SWIFT_VERSION = 5.0;
				TARGETED_DEVICE_FAMILY = "1,2";
				TEST_HOST = "$(BUILT_PRODUCTS_DIR)/AbsenceRecorder.app/$(BUNDLE_EXECUTABLE_FOLDER_PATH)/AbsenceRecorder";
			};
			name = Debug;
		};
		DBA2E5D42B87563400062228 /* Release */ = {
			isa = XCBuildConfiguration;
			buildSettings = {
				ALWAYS_EMBED_SWIFT_STANDARD_LIBRARIES = YES;
				BUNDLE_LOADER = "$(TEST_HOST)";
				CODE_SIGN_STYLE = Automatic;
				CURRENT_PROJECT_VERSION = 1;
				GENERATE_INFOPLIST_FILE = YES;
				IPHONEOS_DEPLOYMENT_TARGET = 17.2;
				MARKETING_VERSION = 1.0;
				PRODUCT_BUNDLE_IDENTIFIER = Etonfreddiehoward.AbsenceRecorderTests;
				PRODUCT_NAME = "$(TARGET_NAME)";
				SWIFT_EMIT_LOC_STRINGS = NO;
				SWIFT_VERSION = 5.0;
				TARGETED_DEVICE_FAMILY = "1,2";
				TEST_HOST = "$(BUILT_PRODUCTS_DIR)/AbsenceRecorder.app/$(BUNDLE_EXECUTABLE_FOLDER_PATH)/AbsenceRecorder";
			};
			name = Release;
		};
		DBA2E5D62B87563400062228 /* Debug */ = {
			isa = XCBuildConfiguration;
			buildSettings = {
				ALWAYS_EMBED_SWIFT_STANDARD_LIBRARIES = YES;
				CODE_SIGN_STYLE = Automatic;
				CURRENT_PROJECT_VERSION = 1;
				GENERATE_INFOPLIST_FILE = YES;
				MARKETING_VERSION = 1.0;
				PRODUCT_BUNDLE_IDENTIFIER = Etonfreddiehoward.AbsenceRecorderUITests;
				PRODUCT_NAME = "$(TARGET_NAME)";
				SWIFT_EMIT_LOC_STRINGS = NO;
				SWIFT_VERSION = 5.0;
				TARGETED_DEVICE_FAMILY = "1,2";
				TEST_TARGET_NAME = AbsenceRecorder;
			};
			name = Debug;
		};
		DBA2E5D72B87563400062228 /* Release */ = {
			isa = XCBuildConfiguration;
			buildSettings = {
				ALWAYS_EMBED_SWIFT_STANDARD_LIBRARIES = YES;
				CODE_SIGN_STYLE = Automatic;
				CURRENT_PROJECT_VERSION = 1;
				GENERATE_INFOPLIST_FILE = YES;
				MARKETING_VERSION = 1.0;
				PRODUCT_BUNDLE_IDENTIFIER = Etonfreddiehoward.AbsenceRecorderUITests;
				PRODUCT_NAME = "$(TARGET_NAME)";
				SWIFT_EMIT_LOC_STRINGS = NO;
				SWIFT_VERSION = 5.0;
				TARGETED_DEVICE_FAMILY = "1,2";
				TEST_TARGET_NAME = AbsenceRecorder;
			};
			name = Release;
		};
/* End XCBuildConfiguration section */

/* Begin XCConfigurationList section */
		DBA2E5A62B87561700062228 /* Build configuration list for PBXProject "AbsenceRecorder" */ = {
			isa = XCConfigurationList;
			buildConfigurations = (
				DBA2E5CD2B87563400062228 /* Debug */,
				DBA2E5CE2B87563400062228 /* Release */,
			);
			defaultConfigurationIsVisible = 0;
			defaultConfigurationName = Release;
		};
		DBA2E5CF2B87563400062228 /* Build configuration list for PBXNativeTarget "AbsenceRecorder" */ = {
			isa = XCConfigurationList;
			buildConfigurations = (
				DBA2E5D02B87563400062228 /* Debug */,
				DBA2E5D12B87563400062228 /* Release */,
			);
			defaultConfigurationIsVisible = 0;
			defaultConfigurationName = Release;
		};
		DBA2E5D22B87563400062228 /* Build configuration list for PBXNativeTarget "AbsenceRecorderTests" */ = {
			isa = XCConfigurationList;
			buildConfigurations = (
				DBA2E5D32B87563400062228 /* Debug */,
				DBA2E5D42B87563400062228 /* Release */,
			);
			defaultConfigurationIsVisible = 0;
			defaultConfigurationName = Release;
		};
		DBA2E5D52B87563400062228 /* Build configuration list for PBXNativeTarget "AbsenceRecorderUITests" */ = {
			isa = XCConfigurationList;
			buildConfigurations = (
				DBA2E5D62B87563400062228 /* Debug */,
				DBA2E5D72B87563400062228 /* Release */,
			);
			defaultConfigurationIsVisible = 0;
			defaultConfigurationName = Release;
		};
/* End XCConfigurationList section */
	};
	rootObject = DBA2E5A32B87561700062228 /* Project object */;
}
